# This file is automatically @generated by Cargo.
# It is not intended for manual editing.
version = 3

[[package]]
name = "always-assert"
version = "0.1.2"
source = "registry+https://github.com/rust-lang/crates.io-index"
checksum = "fbf688625d06217d5b1bb0ea9d9c44a1635fd0ee3534466388d18203174f4d11"
dependencies = [
 "log",
]

[[package]]
name = "anymap"
version = "0.12.1"
source = "registry+https://github.com/rust-lang/crates.io-index"
checksum = "33954243bd79057c2de7338850b85983a44588021f8a5fee574a8888c6de4344"

[[package]]
name = "arrayvec"
version = "0.7.2"
source = "registry+https://github.com/rust-lang/crates.io-index"
checksum = "8da52d66c7071e2e3fa2a1e5c6d088fec47b593032b254f5e980de8ea54454d6"

[[package]]
name = "autocfg"
version = "1.1.0"
source = "registry+https://github.com/rust-lang/crates.io-index"
checksum = "d468802bab17cbc0cc575e9b053f41e72aa36bfa6b7f55e3529ffa43161b97fa"

[[package]]
name = "bitflags"
version = "1.3.2"
source = "registry+https://github.com/rust-lang/crates.io-index"
checksum = "bef38d45163c2f1dde094a7dfd33ccf595c92905c8f8f4fdc18d06fb1037718a"

[[package]]
name = "bumpalo"
version = "3.8.0"
source = "registry+https://github.com/rust-lang/crates.io-index"
checksum = "8f1e260c3a9040a7c19a12468758f4c16f31a81a1fe087482be9570ec864bb6c"

[[package]]
name = "cargo_toml"
version = "0.14.1"
source = "registry+https://github.com/rust-lang/crates.io-index"
checksum = "2bfbc36312494041e2cdd5f06697b7e89d4b76f42773a0b5556ac290ff22acc2"
dependencies = [
 "serde",
 "toml",
]

[[package]]
name = "cfg-if"
version = "1.0.0"
source = "registry+https://github.com/rust-lang/crates.io-index"
checksum = "baf1de4339761588bc0619e3cbc0120ee582ebb74b53b4efbf79117bd2da40fd"

[[package]]
name = "chalk-derive"
version = "0.76.0"
source = "registry+https://github.com/rust-lang/crates.io-index"
checksum = "58c24b8052ea1e3adbb6f9ab7ba5fcc18b9d12591c042de4c833f709ce81e0e0"
dependencies = [
 "proc-macro2",
 "quote",
 "syn 1.0.81",
 "synstructure",
]

[[package]]
name = "chalk-ir"
version = "0.76.0"
source = "registry+https://github.com/rust-lang/crates.io-index"
checksum = "f3cad5c3f1edd4b4a2c9bda24ae558ceb4f88336f88f944c2e35d0bfeb13c818"
dependencies = [
 "bitflags",
 "chalk-derive",
 "lazy_static",
]

[[package]]
name = "chalk-recursive"
version = "0.76.0"
source = "registry+https://github.com/rust-lang/crates.io-index"
checksum = "e68ba0c7219f34738b66c0c992438c644ca33f4d8a29da3d41604299c7eaf419"
dependencies = [
 "chalk-derive",
 "chalk-ir",
 "chalk-solve",
 "rustc-hash",
 "tracing",
]

[[package]]
name = "chalk-solve"
version = "0.76.0"
source = "registry+https://github.com/rust-lang/crates.io-index"
checksum = "94533188d3452bc72cbd5618d166f45fc7646b674ad3fe9667d557bc25236dee"
dependencies = [
 "chalk-derive",
 "chalk-ir",
 "ena",
 "indexmap",
 "itertools",
 "petgraph",
 "rustc-hash",
 "tracing",
]

[[package]]
name = "console_error_panic_hook"
version = "0.1.7"
source = "registry+https://github.com/rust-lang/crates.io-index"
checksum = "a06aeb73f470f66dcdbf7223caeebb85984942f22f1adb2a088cf9668146bbbc"
dependencies = [
 "cfg-if",
 "wasm-bindgen",
]

[[package]]
name = "countme"
version = "3.0.0"
source = "registry+https://github.com/rust-lang/crates.io-index"
checksum = "03746e0c6dd9b5d2d9132ffe0bede35fb5f815604fd371bb42599fd37bc8e483"
dependencies = [
 "dashmap 4.0.2",
 "once_cell",
 "rustc-hash",
]

[[package]]
name = "cov-mark"
version = "2.0.0-pre.1"
source = "registry+https://github.com/rust-lang/crates.io-index"
checksum = "0d48d8f76bd9331f19fe2aaf3821a9f9fb32c3963e1e3d6ce82a8c09cef7444a"

[[package]]
name = "crossbeam-channel"
version = "0.5.1"
source = "registry+https://github.com/rust-lang/crates.io-index"
checksum = "06ed27e177f16d65f0f0c22a213e17c696ace5dd64b14258b52f9417ccb52db4"
dependencies = [
 "cfg-if",
 "crossbeam-utils",
]

[[package]]
name = "crossbeam-deque"
version = "0.8.1"
source = "registry+https://github.com/rust-lang/crates.io-index"
checksum = "6455c0ca19f0d2fbf751b908d5c55c1f5cbc65e03c4225427254b46890bdde1e"
dependencies = [
 "cfg-if",
 "crossbeam-epoch",
 "crossbeam-utils",
]

[[package]]
name = "crossbeam-epoch"
version = "0.9.5"
source = "registry+https://github.com/rust-lang/crates.io-index"
checksum = "4ec02e091aa634e2c3ada4a392989e7c3116673ef0ac5b72232439094d73b7fd"
dependencies = [
 "cfg-if",
 "crossbeam-utils",
 "lazy_static",
 "memoffset 0.6.4",
 "scopeguard",
]

[[package]]
name = "crossbeam-utils"
version = "0.8.5"
source = "registry+https://github.com/rust-lang/crates.io-index"
checksum = "d82cfc11ce7f2c3faef78d8a684447b40d503d9681acebed6cb728d45940c4db"
dependencies = [
 "cfg-if",
 "lazy_static",
]

[[package]]
name = "dashmap"
version = "4.0.2"
source = "registry+https://github.com/rust-lang/crates.io-index"
checksum = "e77a43b28d0668df09411cb0bc9a8c2adc40f9a048afe863e05fd43251e8e39c"
dependencies = [
 "cfg-if",
 "num_cpus",
]

[[package]]
name = "dashmap"
version = "5.1.0"
source = "registry+https://github.com/rust-lang/crates.io-index"
checksum = "c0834a35a3fce649144119e18da2a4d8ed12ef3862f47183fd46f625d072d96c"
dependencies = [
 "cfg-if",
 "num_cpus",
 "parking_lot 0.12.1",
]

[[package]]
name = "dissimilar"
version = "1.0.3"
source = "registry+https://github.com/rust-lang/crates.io-index"
checksum = "31ad93652f40969dead8d4bf897a41e9462095152eb21c56e5830537e41179dd"

[[package]]
name = "dot"
version = "0.1.4"
source = "registry+https://github.com/rust-lang/crates.io-index"
checksum = "a74b6c4d4a1cff5f454164363c16b72fa12463ca6b31f4b5f2035a65fa3d5906"

[[package]]
name = "drop_bomb"
version = "0.1.5"
source = "registry+https://github.com/rust-lang/crates.io-index"
checksum = "9bda8e21c04aca2ae33ffc2fd8c23134f3cac46db123ba97bd9d3f3b8a4a85e1"

[[package]]
name = "either"
version = "1.6.1"
source = "registry+https://github.com/rust-lang/crates.io-index"
checksum = "e78d4f1cc4ae33bbfc157ed5d5a5ef3bc29227303d595861deb238fcec4e9457"

[[package]]
name = "ena"
version = "0.14.0"
source = "registry+https://github.com/rust-lang/crates.io-index"
checksum = "d7402b94a93c24e742487327a7cd839dc9d36fec9de9fb25b09f2dae459f36c3"
dependencies = [
 "log",
]

[[package]]
name = "fixedbitset"
version = "0.2.0"
source = "registry+https://github.com/rust-lang/crates.io-index"
checksum = "37ab347416e802de484e4d03c7316c48f1ecb56574dfd4a46a80f173ce1de04d"

[[package]]
name = "fnv"
version = "1.0.7"
source = "registry+https://github.com/rust-lang/crates.io-index"
checksum = "3f9eec918d3f24069decb9af1554cad7c880e2da24a9afd88aca000531ab82c1"

[[package]]
name = "form_urlencoded"
version = "1.0.1"
source = "registry+https://github.com/rust-lang/crates.io-index"
checksum = "5fc25a87fa4fd2094bffb06925852034d90a17f0d1e05197d4956d3555752191"
dependencies = [
 "matches",
 "percent-encoding",
]

[[package]]
name = "fst"
version = "0.4.7"
source = "registry+https://github.com/rust-lang/crates.io-index"
checksum = "7ab85b9b05e3978cc9a9cf8fea7f01b494e1a09ed3037e16ba39edc7a29eb61a"

[[package]]
name = "hashbrown"
version = "0.11.2"
source = "registry+https://github.com/rust-lang/crates.io-index"
checksum = "ab5ef0d4909ef3724cc8cce6ccc8572c5c817592e9285f5464f8e86f8bd3726e"

[[package]]
name = "hashbrown"
version = "0.12.3"
source = "registry+https://github.com/rust-lang/crates.io-index"
checksum = "8a9ee70c43aaf417c914396645a0fa852624801b24ebb7ae78fe8272889ac888"

[[package]]
name = "heck"
version = "0.3.3"
source = "registry+https://github.com/rust-lang/crates.io-index"
checksum = "6d621efb26863f0e9924c6ac577e8275e5e6b77455db64ffa6c65c904e9e132c"
dependencies = [
 "unicode-segmentation",
]

[[package]]
name = "hermit-abi"
version = "0.3.2"
source = "registry+https://github.com/rust-lang/crates.io-index"
checksum = "443144c8cdadd93ebf52ddb4056d257f5b52c04d3c804e657d19eb73fc33668b"

[[package]]
name = "idna"
version = "0.2.3"
source = "registry+https://github.com/rust-lang/crates.io-index"
checksum = "418a0a6fab821475f634efe3ccc45c013f742efe03d853e8d3355d5cb850ecf8"
dependencies = [
 "matches",
 "unicode-bidi",
 "unicode-normalization",
]

[[package]]
name = "indexmap"
version = "1.7.0"
source = "registry+https://github.com/rust-lang/crates.io-index"
checksum = "bc633605454125dec4b66843673f01c7df2b89479b32e0ed634e43a91cff62a5"
dependencies = [
 "autocfg",
 "hashbrown 0.11.2",
]

[[package]]
name = "instant"
version = "0.1.12"
source = "registry+https://github.com/rust-lang/crates.io-index"
checksum = "7a5bbe824c507c5da5956355e86a746d82e0e1464f65d862cc5e71da70e94b2c"
dependencies = [
 "cfg-if",
 "js-sys",
 "wasm-bindgen",
 "web-sys",
]

[[package]]
name = "itertools"
version = "0.10.1"
source = "registry+https://github.com/rust-lang/crates.io-index"
checksum = "69ddb889f9d0d08a67338271fa9b62996bc788c7796a5c18cf057420aaed5eaf"
dependencies = [
 "either",
]

[[package]]
name = "itoa"
version = "1.0.9"
source = "registry+https://github.com/rust-lang/crates.io-index"
checksum = "af150ab688ff2122fcef229be89cb50dd66af9e01a4ff320cc137eecc9bacc38"

[[package]]
name = "js-sys"
version = "0.3.55"
source = "registry+https://github.com/rust-lang/crates.io-index"
checksum = "7cc9ffccd38c451a86bf13657df244e9c3f37493cce8e5e21e940963777acc84"
dependencies = [
 "wasm-bindgen",
]

[[package]]
name = "lazy_static"
version = "1.4.0"
source = "registry+https://github.com/rust-lang/crates.io-index"
checksum = "e2abad23fbc42b3700f2f279844dc832adb2b2eb069b2df918f455c4e18cc646"

[[package]]
name = "libc"
version = "0.2.107"
source = "registry+https://github.com/rust-lang/crates.io-index"
checksum = "fbe5e23404da5b4f555ef85ebed98fb4083e55a00c317800bc2a50ede9f3d219"

[[package]]
name = "lock_api"
version = "0.4.10"
source = "registry+https://github.com/rust-lang/crates.io-index"
checksum = "c1cc9717a20b1bb222f333e6a92fd32f7d8a18ddc5a3191a11af45dcbf4dcd16"
dependencies = [
 "autocfg",
 "scopeguard",
]

[[package]]
name = "log"
version = "0.4.14"
source = "registry+https://github.com/rust-lang/crates.io-index"
checksum = "51b9bbe6c47d51fc3e1a9b945965946b4c44142ab8792c50835a980d362c2710"
dependencies = [
 "cfg-if",
]

[[package]]
name = "matches"
version = "0.1.9"
source = "registry+https://github.com/rust-lang/crates.io-index"
checksum = "a3e378b66a060d48947b590737b30a1be76706c8dd7b8ba0f2fe3989c68a853f"

[[package]]
name = "memchr"
version = "2.5.0"
source = "registry+https://github.com/rust-lang/crates.io-index"
checksum = "2dffe52ecf27772e601905b7522cb4ef790d2cc203488bbd0e2fe85fcb74566d"

[[package]]
name = "memoffset"
version = "0.6.4"
source = "registry+https://github.com/rust-lang/crates.io-index"
checksum = "59accc507f1338036a0477ef61afdae33cde60840f4dfe481319ce3ad116ddf9"
dependencies = [
 "autocfg",
]

[[package]]
name = "memoffset"
version = "0.8.0"
source = "registry+https://github.com/rust-lang/crates.io-index"
checksum = "d61c719bcfbcf5d62b3a09efa6088de8c54bc0bfcd3ea7ae39fcc186108b8de1"
dependencies = [
 "autocfg",
]

[[package]]
name = "miow"
version = "0.4.0"
source = "registry+https://github.com/rust-lang/crates.io-index"
checksum = "a7377f7792b3afb6a3cba68daa54ca23c032137010460d667fda53a8d66be00e"
dependencies = [
 "windows-sys",
]

[[package]]
name = "num_cpus"
version = "1.16.0"
source = "registry+https://github.com/rust-lang/crates.io-index"
checksum = "4161fcb6d602d4d2081af7c3a45852d875a03dd337a6bfdd6e06407b61342a43"
dependencies = [
 "hermit-abi",
 "libc",
]

[[package]]
name = "once_cell"
version = "1.17.2"
source = "registry+https://github.com/rust-lang/crates.io-index"
checksum = "9670a07f94779e00908f3e686eab508878ebb390ba6e604d3a284c00e8d0487b"

[[package]]
name = "oorandom"
version = "11.1.3"
source = "registry+https://github.com/rust-lang/crates.io-index"
checksum = "0ab1bc2a289d34bd04a330323ac98a1b4bc82c9d9fcb1e66b63caa84da26b575"

[[package]]
name = "parking_lot"
version = "0.11.2"
source = "registry+https://github.com/rust-lang/crates.io-index"
checksum = "7d17b78036a60663b797adeaee46f5c9dfebb86948d1255007a1d6be0271ff99"
dependencies = [
 "instant",
 "lock_api",
 "parking_lot_core 0.8.5",
]

[[package]]
name = "parking_lot"
version = "0.12.1"
source = "registry+https://github.com/rust-lang/crates.io-index"
checksum = "3742b2c103b9f06bc9fff0a37ff4912935851bee6d36f3c02bcc755bcfec228f"
dependencies = [
 "lock_api",
 "parking_lot_core 0.9.8",
]

[[package]]
name = "parking_lot_core"
version = "0.8.5"
source = "registry+https://github.com/rust-lang/crates.io-index"
checksum = "d76e8e1493bcac0d2766c42737f34458f1c8c50c0d23bcb24ea953affb273216"
dependencies = [
 "cfg-if",
 "instant",
 "libc",
 "redox_syscall 0.2.10",
 "smallvec",
 "winapi",
]

[[package]]
name = "parking_lot_core"
version = "0.9.8"
source = "registry+https://github.com/rust-lang/crates.io-index"
checksum = "93f00c865fe7cabf650081affecd3871070f26767e7b2070a3ffae14c654b447"
dependencies = [
 "cfg-if",
 "libc",
 "redox_syscall 0.3.5",
 "smallvec",
 "windows-targets",
]

[[package]]
name = "percent-encoding"
version = "2.1.0"
source = "registry+https://github.com/rust-lang/crates.io-index"
checksum = "d4fd5641d01c8f18a23da7b6fe29298ff4b55afcccdf78973b24cf3175fee32e"

[[package]]
name = "perf-event"
version = "0.4.7"
source = "registry+https://github.com/rust-lang/crates.io-index"
checksum = "5396562cd2eaa828445d6d34258ae21ee1eb9d40fe626ca7f51c8dccb4af9d66"
dependencies = [
 "libc",
 "perf-event-open-sys",
]

[[package]]
name = "perf-event-open-sys"
version = "1.0.1"
source = "registry+https://github.com/rust-lang/crates.io-index"
checksum = "ce9bedf5da2c234fdf2391ede2b90fabf585355f33100689bc364a3ea558561a"
dependencies = [
 "libc",
]

[[package]]
name = "petgraph"
version = "0.5.1"
source = "registry+https://github.com/rust-lang/crates.io-index"
checksum = "467d164a6de56270bd7c4d070df81d07beace25012d5103ced4e9ff08d6afdb7"
dependencies = [
 "fixedbitset",
 "indexmap",
]

[[package]]
name = "pin-project-lite"
version = "0.2.7"
source = "registry+https://github.com/rust-lang/crates.io-index"
checksum = "8d31d11c69a6b52a174b42bdc0c30e5e11670f90788b2c471c31c1d17d449443"

[[package]]
name = "proc-macro2"
version = "1.0.66"
source = "registry+https://github.com/rust-lang/crates.io-index"
checksum = "18fb31db3f9bddb2ea821cde30a9f70117e3f119938b5ee630b7403aa6e2ead9"
dependencies = [
 "unicode-ident",
]

[[package]]
name = "pulldown-cmark"
version = "0.9.3"
source = "registry+https://github.com/rust-lang/crates.io-index"
checksum = "77a1a2f1f0a7ecff9c31abbe177637be0e97a0aef46cf8738ece09327985d998"
dependencies = [
 "bitflags",
 "memchr",
 "unicase",
]

[[package]]
name = "pulldown-cmark-to-cmark"
version = "10.0.4"
source = "registry+https://github.com/rust-lang/crates.io-index"
checksum = "0194e6e1966c23cc5fd988714f85b18d548d773e81965413555d96569931833d"
dependencies = [
 "pulldown-cmark",
]

[[package]]
name = "quote"
version = "1.0.32"
source = "registry+https://github.com/rust-lang/crates.io-index"
checksum = "50f3b39ccfb720540debaa0164757101c08ecb8d326b15358ce76a62c7e85965"
dependencies = [
 "proc-macro2",
]

[[package]]
name = "ra_ap_base_db"
version = "0.0.100"
source = "registry+https://github.com/rust-lang/crates.io-index"
checksum = "d53e25acedca89d0d01d32904bab09ad047307190a937933312c37f7470c6666"
dependencies = [
 "ra_ap_cfg",
 "ra_ap_profile",
 "ra_ap_stdx",
 "ra_ap_syntax",
 "ra_ap_test_utils",
 "ra_ap_tt",
 "ra_ap_vfs",
 "rustc-hash",
 "salsa",
]

[[package]]
name = "ra_ap_cfg"
version = "0.0.100"
source = "registry+https://github.com/rust-lang/crates.io-index"
checksum = "4ab7fc0c437ce9a1eca380bd07dce9e434d231deaa7056f475d500ae31f3a943"
dependencies = [
 "ra_ap_tt",
 "rustc-hash",
]

[[package]]
name = "ra_ap_hir"
version = "0.0.100"
source = "registry+https://github.com/rust-lang/crates.io-index"
checksum = "31c750cf164ef6b638eab66d9c170c22774a9d923e31a23d8762bbbf0bf723b4"
dependencies = [
 "arrayvec",
 "either",
 "itertools",
 "once_cell",
 "ra_ap_base_db",
 "ra_ap_cfg",
 "ra_ap_hir_def",
 "ra_ap_hir_expand",
 "ra_ap_hir_ty",
 "ra_ap_profile",
 "ra_ap_stdx",
 "ra_ap_syntax",
 "ra_ap_tt",
 "rustc-hash",
 "smallvec",
]

[[package]]
name = "ra_ap_hir_def"
version = "0.0.100"
source = "registry+https://github.com/rust-lang/crates.io-index"
checksum = "248657589cea0fe6b685155a7c965316f2b72f10098bcf89c3fa80f2e6fe827b"
dependencies = [
 "anymap",
 "arrayvec",
 "cov-mark",
 "dashmap 5.1.0",
 "drop_bomb",
 "either",
 "fst",
 "indexmap",
 "itertools",
 "lock_api",
 "once_cell",
 "parking_lot 0.12.1",
 "ra_ap_base_db",
 "ra_ap_cfg",
 "ra_ap_hir_expand",
 "ra_ap_la-arena",
 "ra_ap_limit",
 "ra_ap_mbe",
 "ra_ap_profile",
 "ra_ap_stdx",
 "ra_ap_syntax",
 "ra_ap_tt",
 "rustc-hash",
 "smallvec",
 "tracing",
]

[[package]]
name = "ra_ap_hir_expand"
version = "0.0.100"
source = "registry+https://github.com/rust-lang/crates.io-index"
checksum = "e9f835d778b13728f44d086b563c9dd30e17e3276227d5ff9ec68a87eff67c4d"
dependencies = [
 "cov-mark",
 "either",
 "hashbrown 0.12.3",
 "itertools",
 "ra_ap_base_db",
 "ra_ap_cfg",
 "ra_ap_la-arena",
 "ra_ap_limit",
 "ra_ap_mbe",
 "ra_ap_profile",
 "ra_ap_syntax",
 "ra_ap_tt",
 "rustc-hash",
 "tracing",
]

[[package]]
name = "ra_ap_hir_ty"
version = "0.0.100"
source = "registry+https://github.com/rust-lang/crates.io-index"
checksum = "661f21ca49d595a92f86bf5956cc933d831d5ebb386c6902f9393920f277d2e2"
dependencies = [
 "arrayvec",
 "chalk-ir",
 "chalk-recursive",
 "chalk-solve",
 "cov-mark",
 "ena",
 "itertools",
 "once_cell",
 "ra_ap_base_db",
 "ra_ap_hir_def",
 "ra_ap_hir_expand",
 "ra_ap_la-arena",
 "ra_ap_limit",
 "ra_ap_profile",
 "ra_ap_stdx",
 "ra_ap_syntax",
 "rustc-hash",
 "scoped-tls",
 "smallvec",
 "tracing",
 "typed-arena",
]

[[package]]
name = "ra_ap_ide"
version = "0.0.100"
source = "registry+https://github.com/rust-lang/crates.io-index"
checksum = "cf9dbe701cc19cfd3138a3bc620049f2fa9d04e466847af35aae54e98fa9b41a"
dependencies = [
 "cov-mark",
 "crossbeam-channel",
 "dot",
 "either",
 "itertools",
 "oorandom",
 "pulldown-cmark",
 "pulldown-cmark-to-cmark",
 "ra_ap_cfg",
 "ra_ap_hir",
 "ra_ap_ide_assists",
 "ra_ap_ide_completion",
 "ra_ap_ide_db",
 "ra_ap_ide_diagnostics",
 "ra_ap_ide_ssr",
 "ra_ap_profile",
 "ra_ap_stdx",
 "ra_ap_syntax",
 "ra_ap_text_edit",
 "rustc-hash",
 "tracing",
 "url",
]

[[package]]
name = "ra_ap_ide_assists"
version = "0.0.100"
source = "registry+https://github.com/rust-lang/crates.io-index"
checksum = "61ea84a48d23239f6161d26c2960cb68c5b92dbcdf19323003ec531d8693f43d"
dependencies = [
 "cov-mark",
 "either",
 "itertools",
 "ra_ap_hir",
 "ra_ap_ide_db",
 "ra_ap_profile",
 "ra_ap_stdx",
 "ra_ap_syntax",
 "ra_ap_text_edit",
 "rustc-hash",
]

[[package]]
name = "ra_ap_ide_completion"
version = "0.0.100"
source = "registry+https://github.com/rust-lang/crates.io-index"
checksum = "bfd8aebf3ad357625618e7c5d52109b48b6780b0b182450e2e88c5eb6605a4d3"
dependencies = [
 "cov-mark",
 "either",
 "itertools",
 "once_cell",
 "ra_ap_base_db",
 "ra_ap_hir",
 "ra_ap_ide_db",
 "ra_ap_profile",
 "ra_ap_stdx",
 "ra_ap_syntax",
 "ra_ap_text_edit",
 "rustc-hash",
 "smallvec",
]

[[package]]
name = "ra_ap_ide_db"
version = "0.0.100"
source = "registry+https://github.com/rust-lang/crates.io-index"
checksum = "9d397109567be225ba717bb77fe2404386aaf053ef503ee64dedf67a1edad86a"
dependencies = [
 "arrayvec",
 "cov-mark",
 "either",
 "fst",
 "indexmap",
 "itertools",
 "once_cell",
 "ra_ap_base_db",
 "ra_ap_hir",
 "ra_ap_limit",
 "ra_ap_parser",
 "ra_ap_profile",
 "ra_ap_stdx",
 "ra_ap_syntax",
 "ra_ap_text_edit",
 "rayon",
 "rustc-hash",
 "tracing",
]

[[package]]
name = "ra_ap_ide_diagnostics"
version = "0.0.100"
source = "registry+https://github.com/rust-lang/crates.io-index"
checksum = "34d7626426f51829b8cfdc3fc39b21e9236346f485ce2dad69a5336bea5aab07"
dependencies = [
 "cov-mark",
 "either",
 "itertools",
 "ra_ap_cfg",
 "ra_ap_hir",
 "ra_ap_ide_db",
 "ra_ap_profile",
 "ra_ap_stdx",
 "ra_ap_syntax",
 "ra_ap_text_edit",
 "rustc-hash",
]

[[package]]
name = "ra_ap_ide_ssr"
version = "0.0.100"
source = "registry+https://github.com/rust-lang/crates.io-index"
checksum = "4a4607b80411a3a903919de49f322026e4bec9f5c84447fa1f1122c021f5c9bb"
dependencies = [
 "cov-mark",
 "itertools",
 "ra_ap_hir",
 "ra_ap_ide_db",
 "ra_ap_parser",
 "ra_ap_syntax",
 "ra_ap_text_edit",
 "rustc-hash",
]

[[package]]
name = "ra_ap_la-arena"
version = "0.0.100"
source = "registry+https://github.com/rust-lang/crates.io-index"
checksum = "ec4a74fa438412b590793784cd528bfd53fc3b8a21911c885108b6661373ca03"

[[package]]
name = "ra_ap_limit"
version = "0.0.100"
source = "registry+https://github.com/rust-lang/crates.io-index"
checksum = "5446833f7b74d9c66af6ea652f45b721adfddc5f81f2f70869a568ce21aedee3"

[[package]]
name = "ra_ap_mbe"
version = "0.0.100"
source = "registry+https://github.com/rust-lang/crates.io-index"
checksum = "bcc176441cc7f466f6da9bc64359ccee7031d897b06119d684bb9c21e91f7671"
dependencies = [
 "cov-mark",
 "ra_ap_parser",
 "ra_ap_stdx",
 "ra_ap_syntax",
 "ra_ap_tt",
 "rustc-hash",
 "smallvec",
 "tracing",
]

[[package]]
name = "ra_ap_parser"
version = "0.0.100"
source = "registry+https://github.com/rust-lang/crates.io-index"
checksum = "9924badc34c14b5f6e0ed34d004a5b8f38c82aafb0c93ffd52c5531019f777ae"
dependencies = [
 "drop_bomb",
 "ra_ap_limit",
 "rustc-ap-rustc_lexer",
]

[[package]]
name = "ra_ap_paths"
version = "0.0.100"
source = "registry+https://github.com/rust-lang/crates.io-index"
checksum = "0ee88daf3ab9b7c022a47c75f07c94137fcaa9b77314760fea90ea5997a88120"

[[package]]
name = "ra_ap_profile"
version = "0.0.100"
source = "registry+https://github.com/rust-lang/crates.io-index"
checksum = "8048ad93faed1c20f6f4fbc8948b91a05f5d9448198e0a231dcc152d8c7f0f00"
dependencies = [
 "cfg-if",
 "countme",
 "libc",
 "once_cell",
 "perf-event",
 "ra_ap_la-arena",
 "winapi",
]

[[package]]
name = "ra_ap_stdx"
version = "0.0.100"
source = "registry+https://github.com/rust-lang/crates.io-index"
checksum = "00e7f79a1f3f14466f83b39058a845da761a37a581af30e1c096a1b272f20325"
dependencies = [
 "always-assert",
 "libc",
 "miow",
 "winapi",
]

[[package]]
name = "ra_ap_syntax"
version = "0.0.100"
source = "registry+https://github.com/rust-lang/crates.io-index"
checksum = "618e9c2ac2c9108abcf5725980b5ba5e9fdf47e424ce9838bf9f0db37726033f"
dependencies = [
 "cov-mark",
 "indexmap",
 "itertools",
 "once_cell",
 "ra_ap_parser",
 "ra_ap_profile",
 "ra_ap_stdx",
 "ra_ap_text_edit",
 "rowan",
 "rustc-ap-rustc_lexer",
 "rustc-hash",
 "smol_str",
]

[[package]]
name = "ra_ap_test_utils"
version = "0.0.100"
source = "registry+https://github.com/rust-lang/crates.io-index"
checksum = "421aa7b5ec0fd80b4fdac820f9b4c7baf1a2df25bbee4b2fe138ef1d5a9d0c31"
dependencies = [
 "dissimilar",
 "ra_ap_profile",
 "ra_ap_stdx",
 "rustc-hash",
 "text-size",
]

[[package]]
name = "ra_ap_text_edit"
version = "0.0.100"
source = "registry+https://github.com/rust-lang/crates.io-index"
checksum = "9a8cbda156a665bb99e7a038d8438ca3028993acc75d51317e298e3d18975a12"
dependencies = [
 "itertools",
 "text-size",
]

[[package]]
name = "ra_ap_tt"
version = "0.0.100"
source = "registry+https://github.com/rust-lang/crates.io-index"
checksum = "38cc38dc1cf90daaa99745499608caf55b6b2da396f9f0a22b0797bc27da5edb"
dependencies = [
 "ra_ap_stdx",
 "smol_str",
]

[[package]]
name = "ra_ap_vfs"
version = "0.0.100"
source = "registry+https://github.com/rust-lang/crates.io-index"
checksum = "9b836a09668d5b7d3de94d51201de38ddfff1d60e9c333db353f9f90e1fcb417"
dependencies = [
 "fst",
 "indexmap",
 "ra_ap_paths",
 "rustc-hash",
]

[[package]]
name = "rayon"
version = "1.5.1"
source = "registry+https://github.com/rust-lang/crates.io-index"
checksum = "c06aca804d41dbc8ba42dfd964f0d01334eceb64314b9ecf7c5fad5188a06d90"
dependencies = [
 "autocfg",
 "crossbeam-deque",
 "either",
 "rayon-core",
]

[[package]]
name = "rayon-core"
version = "1.9.1"
source = "registry+https://github.com/rust-lang/crates.io-index"
checksum = "d78120e2c850279833f1dd3582f730c4ab53ed95aeaaaa862a2a5c71b1656d8e"
dependencies = [
 "crossbeam-channel",
 "crossbeam-deque",
 "crossbeam-utils",
 "lazy_static",
 "num_cpus",
]

[[package]]
name = "redox_syscall"
version = "0.2.10"
source = "registry+https://github.com/rust-lang/crates.io-index"
checksum = "8383f39639269cde97d255a32bdb68c047337295414940c68bdd30c2e13203ff"
dependencies = [
 "bitflags",
]

[[package]]
name = "redox_syscall"
version = "0.3.5"
source = "registry+https://github.com/rust-lang/crates.io-index"
checksum = "567664f262709473930a4bf9e51bf2ebf3348f2e748ccc50dea20646858f8f29"
dependencies = [
 "bitflags",
]

[[package]]
name = "rowan"
version = "0.15.11"
source = "registry+https://github.com/rust-lang/crates.io-index"
checksum = "64449cfef9483a475ed56ae30e2da5ee96448789fb2aa240a04beb6a055078bf"
dependencies = [
 "countme",
 "hashbrown 0.12.3",
 "memoffset 0.8.0",
 "rustc-hash",
 "text-size",
]

[[package]]
name = "rust-analyzer-wasm"
version = "0.0.100"
dependencies = [
 "cargo_toml",
 "console_error_panic_hook",
 "instant",
 "parking_lot_core 0.8.5",
 "parking_lot_core 0.9.8",
 "ra_ap_cfg",
 "ra_ap_hir",
 "ra_ap_ide",
 "ra_ap_ide_db",
 "ra_ap_tt",
 "serde",
 "serde-wasm-bindgen",
 "serde_json",
 "serde_repr",
 "wasm-bindgen",
 "wasm-bindgen-rayon",
]

[[package]]
name = "rustc-ap-rustc_lexer"
version = "725.0.0"
source = "registry+https://github.com/rust-lang/crates.io-index"
checksum = "f950742ef8a203aa7661aad3ab880438ddeb7f95d4b837c30d65db1a2c5df68e"
dependencies = [
 "unicode-xid",
]

[[package]]
name = "rustc-hash"
version = "1.1.0"
source = "registry+https://github.com/rust-lang/crates.io-index"
checksum = "08d43f7aa6b08d49f382cde6a7982047c3426db949b1424bc4b7ec9ae12c6ce2"

[[package]]
name = "ryu"
version = "1.0.15"
source = "registry+https://github.com/rust-lang/crates.io-index"
checksum = "1ad4cc8da4ef723ed60bced201181d83791ad433213d8c24efffda1eec85d741"

[[package]]
name = "salsa"
version = "0.17.0-pre.2"
source = "registry+https://github.com/rust-lang/crates.io-index"
checksum = "9b223dccb46c32753144d0b51290da7230bb4aedcd8379d6b4c9a474c18bf17a"
dependencies = [
 "crossbeam-utils",
 "indexmap",
 "lock_api",
 "log",
 "oorandom",
 "parking_lot 0.11.2",
 "rustc-hash",
 "salsa-macros",
 "smallvec",
]

[[package]]
name = "salsa-macros"
version = "0.17.0-pre.2"
source = "registry+https://github.com/rust-lang/crates.io-index"
checksum = "ac6c2e352df550bf019da7b16164ed2f7fa107c39653d1311d1bba42d1582ff7"
dependencies = [
 "heck",
 "proc-macro2",
 "quote",
 "syn 1.0.81",
]

[[package]]
name = "scoped-tls"
version = "1.0.0"
source = "registry+https://github.com/rust-lang/crates.io-index"
checksum = "ea6a9290e3c9cf0f18145ef7ffa62d68ee0bf5fcd651017e586dc7fd5da448c2"

[[package]]
name = "scopeguard"
version = "1.1.0"
source = "registry+https://github.com/rust-lang/crates.io-index"
checksum = "d29ab0c6d3fc0ee92fe66e2d99f700eab17a8d57d1c1d3b748380fb20baa78cd"

[[package]]
name = "serde"
version = "1.0.180"
source = "registry+https://github.com/rust-lang/crates.io-index"
checksum = "0ea67f183f058fe88a4e3ec6e2788e003840893b91bac4559cabedd00863b3ed"
dependencies = [
 "serde_derive",
]

[[package]]
name = "serde-wasm-bindgen"
version = "0.1.3"
source = "registry+https://github.com/rust-lang/crates.io-index"
checksum = "7ee6f12f7ed0e7ad2e55200da37dbabc2cadeb942355c5b629aa3771f5ac5636"
dependencies = [
 "fnv",
 "js-sys",
 "serde",
 "wasm-bindgen",
]

[[package]]
name = "serde_derive"
version = "1.0.180"
source = "registry+https://github.com/rust-lang/crates.io-index"
checksum = "24e744d7782b686ab3b73267ef05697159cc0e5abbed3f47f9933165e5219036"
dependencies = [
 "proc-macro2",
 "quote",
 "syn 2.0.28",
]

[[package]]
name = "serde_json"
version = "1.0.104"
source = "registry+https://github.com/rust-lang/crates.io-index"
checksum = "076066c5f1078eac5b722a31827a8832fe108bed65dfa75e233c89f8206e976c"
dependencies = [
 "itoa",
 "ryu",
 "serde",
]

[[package]]
name = "serde_repr"
version = "0.1.7"
source = "registry+https://github.com/rust-lang/crates.io-index"
checksum = "98d0516900518c29efa217c298fa1f4e6c6ffc85ae29fd7f4ee48f176e1a9ed5"
dependencies = [
 "proc-macro2",
 "quote",
 "syn 1.0.81",
]

[[package]]
name = "smallvec"
version = "1.7.0"
source = "registry+https://github.com/rust-lang/crates.io-index"
checksum = "1ecab6c735a6bb4139c0caafd0cc3635748bbb3acf4550e8138122099251f309"

[[package]]
name = "smol_str"
version = "0.1.21"
source = "registry+https://github.com/rust-lang/crates.io-index"
checksum = "61d15c83e300cce35b7c8cd39ff567c1ef42dde6d4a1a38dbdbf9a59902261bd"
dependencies = [
 "serde",
]

[[package]]
name = "spmc"
version = "0.3.0"
source = "registry+https://github.com/rust-lang/crates.io-index"
checksum = "02a8428da277a8e3a15271d79943e80ccc2ef254e78813a166a08d65e4c3ece5"

[[package]]
name = "syn"
version = "1.0.81"
source = "registry+https://github.com/rust-lang/crates.io-index"
checksum = "f2afee18b8beb5a596ecb4a2dce128c719b4ba399d34126b9e4396e3f9860966"
dependencies = [
 "proc-macro2",
 "quote",
 "unicode-xid",
]

[[package]]
name = "syn"
version = "2.0.28"
source = "registry+https://github.com/rust-lang/crates.io-index"
checksum = "04361975b3f5e348b2189d8dc55bc942f278b2d482a6a0365de5bdd62d351567"
dependencies = [
 "proc-macro2",
 "quote",
 "unicode-ident",
]

[[package]]
name = "synstructure"
version = "0.12.6"
source = "registry+https://github.com/rust-lang/crates.io-index"
checksum = "f36bdaa60a83aca3921b5259d5400cbf5e90fc51931376a9bd4a0eb79aa7210f"
dependencies = [
 "proc-macro2",
 "quote",
 "syn 1.0.81",
 "unicode-xid",
]

[[package]]
name = "text-size"
version = "1.1.0"
source = "registry+https://github.com/rust-lang/crates.io-index"
checksum = "288cb548dbe72b652243ea797201f3d481a0609a967980fcc5b2315ea811560a"

[[package]]
name = "tinyvec"
version = "1.5.1"
source = "registry+https://github.com/rust-lang/crates.io-index"
checksum = "2c1c1d5a42b6245520c249549ec267180beaffcc0615401ac8e31853d4b6d8d2"
dependencies = [
 "tinyvec_macros",
]

[[package]]
name = "tinyvec_macros"
version = "0.1.0"
source = "registry+https://github.com/rust-lang/crates.io-index"
checksum = "cda74da7e1a664f795bb1f8a87ec406fb89a02522cf6e50620d016add6dbbf5c"

[[package]]
name = "toml"
version = "0.5.11"
source = "registry+https://github.com/rust-lang/crates.io-index"
checksum = "f4f7f0dd8d50a853a531c426359045b1998f04219d88799810762cd4ad314234"
dependencies = [
 "serde",
]

[[package]]
name = "tracing"
version = "0.1.29"
source = "registry+https://github.com/rust-lang/crates.io-index"
checksum = "375a639232caf30edfc78e8d89b2d4c375515393e7af7e16f01cd96917fb2105"
dependencies = [
 "cfg-if",
 "pin-project-lite",
 "tracing-attributes",
 "tracing-core",
]

[[package]]
name = "tracing-attributes"
version = "0.1.18"
source = "registry+https://github.com/rust-lang/crates.io-index"
checksum = "f4f480b8f81512e825f337ad51e94c1eb5d3bbdf2b363dcd01e2b19a9ffe3f8e"
dependencies = [
 "proc-macro2",
 "quote",
 "syn 1.0.81",
]

[[package]]
name = "tracing-core"
version = "0.1.21"
source = "registry+https://github.com/rust-lang/crates.io-index"
checksum = "1f4ed65637b8390770814083d20756f87bfa2c21bf2f110babdc5438351746e4"
dependencies = [
 "lazy_static",
]

[[package]]
name = "typed-arena"
version = "2.0.2"
source = "registry+https://github.com/rust-lang/crates.io-index"
checksum = "6af6ae20167a9ece4bcb41af5b80f8a1f1df981f6391189ce00fd257af04126a"

[[package]]
name = "unicase"
version = "2.6.0"
source = "registry+https://github.com/rust-lang/crates.io-index"
checksum = "50f37be617794602aabbeee0be4f259dc1778fabe05e2d67ee8f79326d5cb4f6"
dependencies = [
 "version_check",
]

[[package]]
name = "unicode-bidi"
version = "0.3.7"
source = "registry+https://github.com/rust-lang/crates.io-index"
checksum = "1a01404663e3db436ed2746d9fefef640d868edae3cceb81c3b8d5732fda678f"

[[package]]
name = "unicode-ident"
version = "1.0.11"
source = "registry+https://github.com/rust-lang/crates.io-index"
checksum = "301abaae475aa91687eb82514b328ab47a211a533026cb25fc3e519b86adfc3c"

[[package]]
name = "unicode-normalization"
version = "0.1.19"
source = "registry+https://github.com/rust-lang/crates.io-index"
checksum = "d54590932941a9e9266f0832deed84ebe1bf2e4c9e4a3554d393d18f5e854bf9"
dependencies = [
 "tinyvec",
]

[[package]]
name = "unicode-segmentation"
version = "1.8.0"
source = "registry+https://github.com/rust-lang/crates.io-index"
checksum = "8895849a949e7845e06bd6dc1aa51731a103c42707010a5b591c0038fb73385b"

[[package]]
name = "unicode-xid"
version = "0.2.2"
source = "registry+https://github.com/rust-lang/crates.io-index"
checksum = "8ccb82d61f80a663efe1f787a51b16b5a51e3314d6ac365b08639f52387b33f3"

[[package]]
name = "url"
version = "2.2.2"
source = "registry+https://github.com/rust-lang/crates.io-index"
checksum = "a507c383b2d33b5fc35d1861e77e6b383d158b2da5e14fe51b83dfedf6fd578c"
dependencies = [
 "form_urlencoded",
 "idna",
 "matches",
 "percent-encoding",
]

[[package]]
name = "version_check"
version = "0.9.3"
source = "registry+https://github.com/rust-lang/crates.io-index"
checksum = "5fecdca9a5291cc2b8dcf7dc02453fee791a280f3743cb0905f8822ae463b3fe"

[[package]]
name = "wasm-bindgen"
version = "0.2.87"
source = "registry+https://github.com/rust-lang/crates.io-index"
checksum = "7706a72ab36d8cb1f80ffbf0e071533974a60d0a308d01a5d0375bf60499a342"
dependencies = [
 "cfg-if",
 "wasm-bindgen-macro",
]

[[package]]
name = "wasm-bindgen-backend"
version = "0.2.87"
source = "registry+https://github.com/rust-lang/crates.io-index"
checksum = "5ef2b6d3c510e9625e5fe6f509ab07d66a760f0885d858736483c32ed7809abd"
dependencies = [
 "bumpalo",
 "log",
 "once_cell",
 "proc-macro2",
 "quote",
 "syn 2.0.28",
 "wasm-bindgen-shared",
]

[[package]]
name = "wasm-bindgen-macro"
version = "0.2.87"
source = "registry+https://github.com/rust-lang/crates.io-index"
checksum = "dee495e55982a3bd48105a7b947fd2a9b4a8ae3010041b9e0faab3f9cd028f1d"
dependencies = [
 "quote",
 "wasm-bindgen-macro-support",
]

[[package]]
name = "wasm-bindgen-macro-support"
version = "0.2.87"
source = "registry+https://github.com/rust-lang/crates.io-index"
checksum = "54681b18a46765f095758388f2d0cf16eb8d4169b639ab575a8f5693af210c7b"
dependencies = [
 "proc-macro2",
 "quote",
 "syn 2.0.28",
 "wasm-bindgen-backend",
 "wasm-bindgen-shared",
]

[[package]]
name = "wasm-bindgen-rayon"
version = "1.0.3"
source = "registry+https://github.com/rust-lang/crates.io-index"
checksum = "df87c67450805c305d3ae44a3ac537b0253d029153c25afc3ecd2edc36ccafb1"
dependencies = [
 "js-sys",
 "rayon",
 "spmc",
 "wasm-bindgen",
]

[[package]]
name = "wasm-bindgen-shared"
version = "0.2.87"
source = "registry+https://github.com/rust-lang/crates.io-index"
checksum = "ca6ad05a4870b2bf5fe995117d3728437bd27d7cd5f06f13c17443ef369775a1"

[[package]]
name = "web-sys"
version = "0.3.55"
source = "registry+https://github.com/rust-lang/crates.io-index"
checksum = "38eb105f1c59d9eaa6b5cdc92b859d85b926e82cb2e0945cd0c9259faa6fe9fb"
dependencies = [
 "js-sys",
 "wasm-bindgen",
]

[[package]]
name = "winapi"
version = "0.3.9"
source = "registry+https://github.com/rust-lang/crates.io-index"
checksum = "5c839a674fcd7a98952e593242ea400abe93992746761e38641405d28b00f419"
dependencies = [
 "winapi-i686-pc-windows-gnu",
 "winapi-x86_64-pc-windows-gnu",
]

[[package]]
name = "winapi-i686-pc-windows-gnu"
version = "0.4.0"
source = "registry+https://github.com/rust-lang/crates.io-index"
checksum = "ac3b87c63620426dd9b991e5ce0329eff545bccbbb34f3be09ff6fb6ab51b7b6"

[[package]]
name = "winapi-x86_64-pc-windows-gnu"
version = "0.4.0"
source = "registry+https://github.com/rust-lang/crates.io-index"
checksum = "712e227841d057c1ee1cd2fb22fa7e5a5461ae8e48fa2ca79ec42cfc1931183f"

[[package]]
name = "windows-sys"
version = "0.28.0"
source = "registry+https://github.com/rust-lang/crates.io-index"
checksum = "82ca39602d5cbfa692c4b67e3bcbb2751477355141c1ed434c94da4186836ff6"
dependencies = [
 "windows_aarch64_msvc 0.28.0",
 "windows_i686_gnu 0.28.0",
 "windows_i686_msvc 0.28.0",
 "windows_x86_64_gnu 0.28.0",
 "windows_x86_64_msvc 0.28.0",
]

[[package]]
name = "windows-targets"
version = "0.48.1"
source = "registry+https://github.com/rust-lang/crates.io-index"
checksum = "05d4b17490f70499f20b9e791dcf6a299785ce8af4d709018206dc5b4953e95f"
dependencies = [
 "windows_aarch64_gnullvm",
 "windows_aarch64_msvc 0.48.0",
 "windows_i686_gnu 0.48.0",
 "windows_i686_msvc 0.48.0",
 "windows_x86_64_gnu 0.48.0",
 "windows_x86_64_gnullvm",
 "windows_x86_64_msvc 0.48.0",
]

[[package]]
name = "windows_aarch64_gnullvm"
version = "0.48.0"
source = "registry+https://github.com/rust-lang/crates.io-index"
checksum = "91ae572e1b79dba883e0d315474df7305d12f569b400fcf90581b06062f7e1bc"

[[package]]
name = "windows_aarch64_msvc"
version = "0.28.0"
source = "registry+https://github.com/rust-lang/crates.io-index"
checksum = "52695a41e536859d5308cc613b4a022261a274390b25bd29dfff4bf08505f3c2"

[[package]]
name = "windows_aarch64_msvc"
version = "0.48.0"
source = "registry+https://github.com/rust-lang/crates.io-index"
checksum = "b2ef27e0d7bdfcfc7b868b317c1d32c641a6fe4629c171b8928c7b08d98d7cf3"

[[package]]
name = "windows_i686_gnu"
version = "0.28.0"
source = "registry+https://github.com/rust-lang/crates.io-index"
checksum = "f54725ac23affef038fecb177de6c9bf065787c2f432f79e3c373da92f3e1d8a"

[[package]]
name = "windows_i686_gnu"
version = "0.48.0"
source = "registry+https://github.com/rust-lang/crates.io-index"
checksum = "622a1962a7db830d6fd0a69683c80a18fda201879f0f447f065a3b7467daa241"

[[package]]
name = "windows_i686_msvc"
version = "0.28.0"
source = "registry+https://github.com/rust-lang/crates.io-index"
checksum = "51d5158a43cc43623c0729d1ad6647e62fa384a3d135fd15108d37c683461f64"

[[package]]
name = "windows_i686_msvc"
version = "0.48.0"
source = "registry+https://github.com/rust-lang/crates.io-index"
checksum = "4542c6e364ce21bf45d69fdd2a8e455fa38d316158cfd43b3ac1c5b1b19f8e00"

[[package]]
name = "windows_x86_64_gnu"
version = "0.28.0"
source = "registry+https://github.com/rust-lang/crates.io-index"
checksum = "bc31f409f565611535130cfe7ee8e6655d3fa99c1c61013981e491921b5ce954"

[[package]]
name = "windows_x86_64_gnu"
version = "0.48.0"
source = "registry+https://github.com/rust-lang/crates.io-index"
checksum = "ca2b8a661f7628cbd23440e50b05d705db3686f894fc9580820623656af974b1"

[[package]]
name = "windows_x86_64_gnullvm"
version = "0.48.0"
source = "registry+https://github.com/rust-lang/crates.io-index"
checksum = "7896dbc1f41e08872e9d5e8f8baa8fdd2677f29468c4e156210174edc7f7b953"

[[package]]
name = "windows_x86_64_msvc"
version = "0.28.0"
source = "registry+https://github.com/rust-lang/crates.io-index"
checksum = "3f2b8c7cbd3bfdddd9ab98769f9746a7fad1bca236554cd032b78d768bc0e89f"

[[package]]
name = "windows_x86_64_msvc"
version = "0.48.0"
source = "registry+https://github.com/rust-lang/crates.io-index"
checksum = "1a515f5799fe4961cb532f983ce2b23082366b898e52ffbce459c86f67c8378a"
